
Microsoft Visual Studio Solution File, Format Version 12.00
# Visual Studio 15
VisualStudioVersion = 15.0.28307.329
MinimumVisualStudioVersion = 10.0.40219.1
Project("{8BC9CEB8-8B4A-11D0-8D11-00A0C91BC942}") = "Game-Kubiki", "Game-Kubiki\Game-Kubiki.vcxproj", "{5D8A075D-34EA-4177-BF6C-4B74DCE560AF}"
EndProject
Global
	GlobalSection(SolutionConfigurationPlatforms) = preSolution
		Debug|x64 = Debug|x64
		Debug|x86 = Debug|x86
		Release|x64 = Release|x64
		Release|x86 = Release|x86
	EndGlobalSection
	GlobalSection(ProjectConfigurationPlatforms) = postSolution
		{5D8A075D-34EA-4177-BF6C-4B74DCE560AF}.Debug|x64.ActiveCfg = Debug|x64
		{5D8A075D-34EA-4177-BF6C-4B74DCE560AF}.Debug|x64.Build.0 = Debug|x64
		{5D8A075D-34EA-4177-BF6C-4B74DCE560AF}.Debug|x86.ActiveCfg = Debug|Win32
		{5D8A075D-34EA-4177-BF6C-4B74DCE560AF}.Debug|x86.Build.0 = Debug|Win32
		{5D8A075D-34EA-4177-BF6C-4B74DCE560AF}.Release|x64.ActiveCfg = Release|x64
		{5D8A075D-34EA-4177-BF6C-4B74DCE560AF}.Release|x64.Build.0 = Release|x64
		{5D8A075D-34EA-4177-BF6C-4B74DCE560AF}.Release|x86.ActiveCfg = Release|Win32
		{5D8A075D-34EA-4177-BF6C-4B74DCE560AF}.Release|x86.Build.0 = Release|Win32
	EndGlobalSection
	GlobalSection(SolutionProperties) = preSolution
		HideSolutionNode = FALSE
	EndGlobalSection
	GlobalSection(ExtensibilityGlobals) = postSolution
		SolutionGuid = {B7130EB2-6B45-4930-B812-0852CD1634EE}
	EndGlobalSection
EndGlobal
