
Microsoft Visual Studio Solution File, Format Version 12.00
# Visual Studio 15
VisualStudioVersion = 15.0.28307.329
MinimumVisualStudioVersion = 10.0.40219.1
Project("{8BC9CEB8-8B4A-11D0-8D11-00A0C91BC942}") = "Nikita Luc 10", "Nikita Luc 10\Nikita Luc 10.vcxproj", "{D17DAAB8-7748-47F2-BBDF-6BD62FA4411D}"
EndProject
Global
	GlobalSection(SolutionConfigurationPlatforms) = preSolution
		Debug|x64 = Debug|x64
		Debug|x86 = Debug|x86
		Release|x64 = Release|x64
		Release|x86 = Release|x86
	EndGlobalSection
	GlobalSection(ProjectConfigurationPlatforms) = postSolution
		{D17DAAB8-7748-47F2-BBDF-6BD62FA4411D}.Debug|x64.ActiveCfg = Debug|x64
		{D17DAAB8-7748-47F2-BBDF-6BD62FA4411D}.Debug|x64.Build.0 = Debug|x64
		{D17DAAB8-7748-47F2-BBDF-6BD62FA4411D}.Debug|x86.ActiveCfg = Debug|Win32
		{D17DAAB8-7748-47F2-BBDF-6BD62FA4411D}.Debug|x86.Build.0 = Debug|Win32
		{D17DAAB8-7748-47F2-BBDF-6BD62FA4411D}.Release|x64.ActiveCfg = Release|x64
		{D17DAAB8-7748-47F2-BBDF-6BD62FA4411D}.Release|x64.Build.0 = Release|x64
		{D17DAAB8-7748-47F2-BBDF-6BD62FA4411D}.Release|x86.ActiveCfg = Release|Win32
		{D17DAAB8-7748-47F2-BBDF-6BD62FA4411D}.Release|x86.Build.0 = Release|Win32
	EndGlobalSection
	GlobalSection(SolutionProperties) = preSolution
		HideSolutionNode = FALSE
	EndGlobalSection
	GlobalSection(ExtensibilityGlobals) = postSolution
		SolutionGuid = {4EDFA09E-B6D5-4DB5-AC83-09D684474944}
	EndGlobalSection
EndGlobal
